
Microsoft Visual Studio Solution File, Format Version 12.00
# Visual Studio 15
VisualStudioVersion = 15.0.28307.1169
MinimumVisualStudioVersion = 10.0.40219.1
Project("{FAE04EC0-301F-11D3-BF4B-00C04F79EFBC}") = "ClientCFC-P4-20180140072_Form", "ClientCFC-P4-20180140072_Form\ClientCFC-P4-20180140072_Form.csproj", "{FE101797-C48A-4240-921B-92D00A95A62B}"
EndProject
Global
	GlobalSection(SolutionConfigurationPlatforms) = preSolution
		Debug|Any CPU = Debug|Any CPU
		Release|Any CPU = Release|Any CPU
	EndGlobalSection
	GlobalSection(ProjectConfigurationPlatforms) = postSolution
		{FE101797-C48A-4240-921B-92D00A95A62B}.Debug|Any CPU.ActiveCfg = Debug|Any CPU
		{FE101797-C48A-4240-921B-92D00A95A62B}.Debug|Any CPU.Build.0 = Debug|Any CPU
		{FE101797-C48A-4240-921B-92D00A95A62B}.Release|Any CPU.ActiveCfg = Release|Any CPU
		{FE101797-C48A-4240-921B-92D00A95A62B}.Release|Any CPU.Build.0 = Release|Any CPU
	EndGlobalSection
	GlobalSection(SolutionProperties) = preSolution
		HideSolutionNode = FALSE
	EndGlobalSection
	GlobalSection(ExtensibilityGlobals) = postSolution
		SolutionGuid = {DB06CA02-D8F5-486F-A69C-41D5C61F388E}
	EndGlobalSection
EndGlobal
